{
  "name": "skyscanner-daily-empire",
  "version": "1.0.0",
  "lockfileVersion": 3,
  "requires": true,
  "packages": {
    "": {
      "name": "skyscanner-daily-empire",
      "version": "1.0.0",
      "license": "MIT",
      "engines": {
        "node": ">=18"
      },
      "bin": {
        "skyscanner-empire": "skyscanner-global-empire.js"
      }
    }
  }
}
